
Microsoft Visual Studio Solution File, Format Version 12.00
# Visual Studio Version 16
VisualStudioVersion = 16.0.31702.278
MinimumVisualStudioVersion = 10.0.40219.1
Project("{FAE04EC0-301F-11D3-BF4B-00C04F79EFBC}") = "lab01", "lab01\lab01.csproj", "{3F4C0F6F-99A8-4F74-9472-F8F38FBC9B84}"
EndProject
Global
	GlobalSection(SolutionConfigurationPlatforms) = preSolution
		Debug|Any CPU = Debug|Any CPU
		Release|Any CPU = Release|Any CPU
	EndGlobalSection
	GlobalSection(ProjectConfigurationPlatforms) = postSolution
		{3F4C0F6F-99A8-4F74-9472-F8F38FBC9B84}.Debug|Any CPU.ActiveCfg = Debug|Any CPU
		{3F4C0F6F-99A8-4F74-9472-F8F38FBC9B84}.Debug|Any CPU.Build.0 = Debug|Any CPU
		{3F4C0F6F-99A8-4F74-9472-F8F38FBC9B84}.Release|Any CPU.ActiveCfg = Release|Any CPU
		{3F4C0F6F-99A8-4F74-9472-F8F38FBC9B84}.Release|Any CPU.Build.0 = Release|Any CPU
	EndGlobalSection
	GlobalSection(SolutionProperties) = preSolution
		HideSolutionNode = FALSE
	EndGlobalSection
	GlobalSection(ExtensibilityGlobals) = postSolution
		SolutionGuid = {4F1205B2-3894-4742-B531-A7703C2B9584}
	EndGlobalSection
EndGlobal
